// !$*UTF8*$!
{
	archiveVersion = 1;
	classes = {
	};
	objectVersion = 56;
	objects = {

/* Begin PBXBuildFile section */
		8F399F7A2AF7EFF3005121E7 /* AppDelegate.swift in Sources */ = {isa = PBXBuildFile; fileRef = 8F399F792AF7EFF3005121E7 /* AppDelegate.swift */; };
		8F399F7C2AF7EFF3005121E7 /* SceneDelegate.swift in Sources */ = {isa = PBXBuildFile; fileRef = 8F399F7B2AF7EFF3005121E7 /* SceneDelegate.swift */; };
		8F399F7E2AF7EFF3005121E7 /* ViewController.swift in Sources */ = {isa = PBXBuildFile; fileRef = 8F399F7D2AF7EFF3005121E7 /* ViewController.swift */; };
		8F399F812AF7EFF3005121E7 /* Main.storyboard in Resources */ = {isa = PBXBuildFile; fileRef = 8F399F7F2AF7EFF3005121E7 /* Main.storyboard */; };
		8F399F842AF7EFF3005121E7 /* ArtBookProject.xcdatamodeld in Sources */ = {isa = PBXBuildFile; fileRef = 8F399F822AF7EFF3005121E7 /* ArtBookProject.xcdatamodeld */; };
		8F399F862AF7EFF6005121E7 /* Assets.xcassets in Resources */ = {isa = PBXBuildFile; fileRef = 8F399F852AF7EFF6005121E7 /* Assets.xcassets */; };
		8F399F892AF7EFF6005121E7 /* LaunchScreen.storyboard in Resources */ = {isa = PBXBuildFile; fileRef = 8F399F872AF7EFF6005121E7 /* LaunchScreen.storyboard */; };
		8F399F942AF7EFF6005121E7 /* ArtBookProjectTests.swift in Sources */ = {isa = PBXBuildFile; fileRef = 8F399F932AF7EFF6005121E7 /* ArtBookProjectTests.swift */; };
		8F399F9E2AF7EFF6005121E7 /* ArtBookProjectUITests.swift in Sources */ = {isa = PBXBuildFile; fileRef = 8F399F9D2AF7EFF6005121E7 /* ArtBookProjectUITests.swift */; };
		8F399FA02AF7EFF6005121E7 /* ArtBookProjectUITestsLaunchTests.swift in Sources */ = {isa = PBXBuildFile; fileRef = 8F399F9F2AF7EFF6005121E7 /* ArtBookProjectUITestsLaunchTests.swift */; };
		8F399FAD2AF7F4C2005121E7 /* DetailsVC.swift in Sources */ = {isa = PBXBuildFile; fileRef = 8F399FAC2AF7F4C2005121E7 /* DetailsVC.swift */; };
		8F399FAF2AF7F982005121E7 /* addImage.png in Resources */ = {isa = PBXBuildFile; fileRef = 8F399FAE2AF7F982005121E7 /* addImage.png */; };
/* End PBXBuildFile section */

/* Begin PBXContainerItemProxy section */
		8F399F902AF7EFF6005121E7 /* PBXContainerItemProxy */ = {
			isa = PBXContainerItemProxy;
			containerPortal = 8F399F6E2AF7EFF3005121E7 /* Project object */;
			proxyType = 1;
			remoteGlobalIDString = 8F399F752AF7EFF3005121E7;
			remoteInfo = ArtBookProject;
		};
		8F399F9A2AF7EFF6005121E7 /* PBXContainerItemProxy */ = {
			isa = PBXContainerItemProxy;
			containerPortal = 8F399F6E2AF7EFF3005121E7 /* Project object */;
			proxyType = 1;
			remoteGlobalIDString = 8F399F752AF7EFF3005121E7;
			remoteInfo = ArtBookProject;
		};
/* End PBXContainerItemProxy section */

/* Begin PBXFileReference section */
		8F399F762AF7EFF3005121E7 /* ArtBookProject.app */ = {isa = PBXFileReference; explicitFileType = wrapper.application; includeInIndex = 0; path = ArtBookProject.app; sourceTree = BUILT_PRODUCTS_DIR; };
		8F399F792AF7EFF3005121E7 /* AppDelegate.swift */ = {isa = PBXFileReference; lastKnownFileType = sourcecode.swift; path = AppDelegate.swift; sourceTree = "<group>"; };
		8F399F7B2AF7EFF3005121E7 /* SceneDelegate.swift */ = {isa = PBXFileReference; lastKnownFileType = sourcecode.swift; path = SceneDelegate.swift; sourceTree = "<group>"; };
		8F399F7D2AF7EFF3005121E7 /* ViewController.swift */ = {isa = PBXFileReference; lastKnownFileType = sourcecode.swift; path = ViewController.swift; sourceTree = "<group>"; };
		8F399F802AF7EFF3005121E7 /* Base */ = {isa = PBXFileReference; lastKnownFileType = file.storyboard; name = Base; path = Base.lproj/Main.storyboard; sourceTree = "<group>"; };
		8F399F832AF7EFF3005121E7 /* ArtBookProject.xcdatamodel */ = {isa = PBXFileReference; lastKnownFileType = wrapper.xcdatamodel; path = ArtBookProject.xcdatamodel; sourceTree = "<group>"; };
		8F399F852AF7EFF6005121E7 /* Assets.xcassets */ = {isa = PBXFileReference; lastKnownFileType = folder.assetcatalog; path = Assets.xcassets; sourceTree = "<group>"; };
		8F399F882AF7EFF6005121E7 /* Base */ = {isa = PBXFileReference; lastKnownFileType = file.storyboard; name = Base; path = Base.lproj/LaunchScreen.storyboard; sourceTree = "<group>"; };
		8F399F8A2AF7EFF6005121E7 /* Info.plist */ = {isa = PBXFileReference; lastKnownFileType = text.plist.xml; path = Info.plist; sourceTree = "<group>"; };
		8F399F8F2AF7EFF6005121E7 /* ArtBookProjectTests.xctest */ = {isa = PBXFileReference; explicitFileType = wrapper.cfbundle; includeInIndex = 0; path = ArtBookProjectTests.xctest; sourceTree = BUILT_PRODUCTS_DIR; };
		8F399F932AF7EFF6005121E7 /* ArtBookProjectTests.swift */ = {isa = PBXFileReference; lastKnownFileType = sourcecode.swift; path = ArtBookProjectTests.swift; sourceTree = "<group>"; };
		8F399F992AF7EFF6005121E7 /* ArtBookProjectUITests.xctest */ = {isa = PBXFileReference; explicitFileType = wrapper.cfbundle; includeInIndex = 0; path = ArtBookProjectUITests.xctest; sourceTree = BUILT_PRODUCTS_DIR; };
		8F399F9D2AF7EFF6005121E7 /* ArtBookProjectUITests.swift */ = {isa = PBXFileReference; lastKnownFileType = sourcecode.swift; path = ArtBookProjectUITests.swift; sourceTree = "<group>"; };
		8F399F9F2AF7EFF6005121E7 /* ArtBookProjectUITestsLaunchTests.swift */ = {isa = PBXFileReference; lastKnownFileType = sourcecode.swift; path = ArtBookProjectUITestsLaunchTests.swift; sourceTree = "<group>"; };
		8F399FAC2AF7F4C2005121E7 /* DetailsVC.swift */ = {isa = PBXFileReference; lastKnownFileType = sourcecode.swift; path = DetailsVC.swift; sourceTree = "<group>"; };
		8F399FAE2AF7F982005121E7 /* addImage.png */ = {isa = PBXFileReference; lastKnownFileType = image.png; name = addImage.png; path = ../../../../Downloads/addImage.png; sourceTree = "<group>"; };
/* End PBXFileReference section */

/* Begin PBXFrameworksBuildPhase section */
		8F399F732AF7EFF3005121E7 /* Frameworks */ = {
			isa = PBXFrameworksBuildPhase;
			buildActionMask = 2147483647;
			files = (
			);
			runOnlyForDeploymentPostprocessing = 0;
		};
		8F399F8C2AF7EFF6005121E7 /* Frameworks */ = {
			isa = PBXFrameworksBuildPhase;
			buildActionMask = 2147483647;
			files = (
			);
			runOnlyForDeploymentPostprocessing = 0;
		};
		8F399F962AF7EFF6005121E7 /* Frameworks */ = {
			isa = PBXFrameworksBuildPhase;
			buildActionMask = 2147483647;
			files = (
			);
			runOnlyForDeploymentPostprocessing = 0;
		};
/* End PBXFrameworksBuildPhase section */

/* Begin PBXGroup section */
		8F399F6D2AF7EFF3005121E7 = {
			isa = PBXGroup;
			children = (
				8F399F782AF7EFF3005121E7 /* ArtBookProject */,
				8F399F922AF7EFF6005121E7 /* ArtBookProjectTests */,
				8F399F9C2AF7EFF6005121E7 /* ArtBookProjectUITests */,
				8F399F772AF7EFF3005121E7 /* Products */,
			);
			sourceTree = "<group>";
		};
		8F399F772AF7EFF3005121E7 /* Products */ = {
			isa = PBXGroup;
			children = (
				8F399F762AF7EFF3005121E7 /* ArtBookProject.app */,
				8F399F8F2AF7EFF6005121E7 /* ArtBookProjectTests.xctest */,
				8F399F992AF7EFF6005121E7 /* ArtBookProjectUITests.xctest */,
			);
			name = Products;
			sourceTree = "<group>";
		};
		8F399F782AF7EFF3005121E7 /* ArtBookProject */ = {
			isa = PBXGroup;
			children = (
				8F399FAE2AF7F982005121E7 /* addImage.png */,
				8F399F792AF7EFF3005121E7 /* AppDelegate.swift */,
				8F399F7B2AF7EFF3005121E7 /* SceneDelegate.swift */,
				8F399F7D2AF7EFF3005121E7 /* ViewController.swift */,
				8F399F7F2AF7EFF3005121E7 /* Main.storyboard */,
				8F399FAC2AF7F4C2005121E7 /* DetailsVC.swift */,
				8F399F852AF7EFF6005121E7 /* Assets.xcassets */,
				8F399F872AF7EFF6005121E7 /* LaunchScreen.storyboard */,
				8F399F8A2AF7EFF6005121E7 /* Info.plist */,
				8F399F822AF7EFF3005121E7 /* ArtBookProject.xcdatamodeld */,
			);
			path = ArtBookProject;
			sourceTree = "<group>";
		};
		8F399F922AF7EFF6005121E7 /* ArtBookProjectTests */ = {
			isa = PBXGroup;
			children = (
				8F399F932AF7EFF6005121E7 /* ArtBookProjectTests.swift */,
			);
			path = ArtBookProjectTests;
			sourceTree = "<group>";
		};
		8F399F9C2AF7EFF6005121E7 /* ArtBookProjectUITests */ = {
			isa = PBXGroup;
			children = (
				8F399F9D2AF7EFF6005121E7 /* ArtBookProjectUITests.swift */,
				8F399F9F2AF7EFF6005121E7 /* ArtBookProjectUITestsLaunchTests.swift */,
			);
			path = ArtBookProjectUITests;
			sourceTree = "<group>";
		};
/* End PBXGroup section */

/* Begin PBXNativeTarget section */
		8F399F752AF7EFF3005121E7 /* ArtBookProject */ = {
			isa = PBXNativeTarget;
			buildConfigurationList = 8F399FA32AF7EFF6005121E7 /* Build configuration list for PBXNativeTarget "ArtBookProject" */;
			buildPhases = (
				8F399F722AF7EFF3005121E7 /* Sources */,
				8F399F732AF7EFF3005121E7 /* Frameworks */,
				8F399F742AF7EFF3005121E7 /* Resources */,
			);
			buildRules = (
			);
			dependencies = (
			);
			name = ArtBookProject;
			productName = ArtBookProject;
			productReference = 8F399F762AF7EFF3005121E7 /* ArtBookProject.app */;
			productType = "com.apple.product-type.application";
		};
		8F399F8E2AF7EFF6005121E7 /* ArtBookProjectTests */ = {
			isa = PBXNativeTarget;
			buildConfigurationList = 8F399FA62AF7EFF6005121E7 /* Build configuration list for PBXNativeTarget "ArtBookProjectTests" */;
			buildPhases = (
				8F399F8B2AF7EFF6005121E7 /* Sources */,
				8F399F8C2AF7EFF6005121E7 /* Frameworks */,
				8F399F8D2AF7EFF6005121E7 /* Resources */,
			);
			buildRules = (
			);
			dependencies = (
				8F399F912AF7EFF6005121E7 /* PBXTargetDependency */,
			);
			name = ArtBookProjectTests;
			productName = ArtBookProjectTests;
			productReference = 8F399F8F2AF7EFF6005121E7 /* ArtBookProjectTests.xctest */;
			productType = "com.apple.product-type.bundle.unit-test";
		};
		8F399F982AF7EFF6005121E7 /* ArtBookProjectUITests */ = {
			isa = PBXNativeTarget;
			buildConfigurationList = 8F399FA92AF7EFF6005121E7 /* Build configuration list for PBXNativeTarget "ArtBookProjectUITests" */;
			buildPhases = (
				8F399F952AF7EFF6005121E7 /* Sources */,
				8F399F962AF7EFF6005121E7 /* Frameworks */,
				8F399F972AF7EFF6005121E7 /* Resources */,
			);
			buildRules = (
			);
			dependencies = (
				8F399F9B2AF7EFF6005121E7 /* PBXTargetDependency */,
			);
			name = ArtBookProjectUITests;
			productName = ArtBookProjectUITests;
			productReference = 8F399F992AF7EFF6005121E7 /* ArtBookProjectUITests.xctest */;
			productType = "com.apple.product-type.bundle.ui-testing";
		};
/* End PBXNativeTarget section */

/* Begin PBXProject section */
		8F399F6E2AF7EFF3005121E7 /* Project object */ = {
			isa = PBXProject;
			attributes = {
				BuildIndependentTargetsInParallel = 1;
				LastSwiftUpdateCheck = 1500;
				LastUpgradeCheck = 1500;
				TargetAttributes = {
					8F399F752AF7EFF3005121E7 = {
						CreatedOnToolsVersion = 15.0.1;
					};
					8F399F8E2AF7EFF6005121E7 = {
						CreatedOnToolsVersion = 15.0.1;
						TestTargetID = 8F399F752AF7EFF3005121E7;
					};
					8F399F982AF7EFF6005121E7 = {
						CreatedOnToolsVersion = 15.0.1;
						TestTargetID = 8F399F752AF7EFF3005121E7;
					};
				};
			};
			buildConfigurationList = 8F399F712AF7EFF3005121E7 /* Build configuration list for PBXProject "ArtBookProject" */;
			compatibilityVersion = "Xcode 14.0";
			developmentRegion = en;
			hasScannedForEncodings = 0;
			knownRegions = (
				en,
				Base,
			);
			mainGroup = 8F399F6D2AF7EFF3005121E7;
			productRefGroup = 8F399F772AF7EFF3005121E7 /* Products */;
			projectDirPath = "";
			projectRoot = "";
			targets = (
				8F399F752AF7EFF3005121E7 /* ArtBookProject */,
				8F399F8E2AF7EFF6005121E7 /* ArtBookProjectTests */,
				8F399F982AF7EFF6005121E7 /* ArtBookProjectUITests */,
			);
		};
/* End PBXProject section */

/* Begin PBXResourcesBuildPhase section */
		8F399F742AF7EFF3005121E7 /* Resources */ = {
			isa = PBXResourcesBuildPhase;
			buildActionMask = 2147483647;
			files = (
				8F399F892AF7EFF6005121E7 /* LaunchScreen.storyboard in Resources */,
				8F399F862AF7EFF6005121E7 /* Assets.xcassets in Resources */,
				8F399F812AF7EFF3005121E7 /* Main.storyboard in Resources */,
				8F399FAF2AF7F982005121E7 /* addImage.png in Resources */,
			);
			runOnlyForDeploymentPostprocessing = 0;
		};
		8F399F8D2AF7EFF6005121E7 /* Resources */ = {
			isa = PBXResourcesBuildPhase;
			buildActionMask = 2147483647;
			files = (
			);
			runOnlyForDeploymentPostprocessing = 0;
		};
		8F399F972AF7EFF6005121E7 /* Resources */ = {
			isa = PBXResourcesBuildPhase;
			buildActionMask = 2147483647;
			files = (
			);
			runOnlyForDeploymentPostprocessing = 0;
		};
/* End PBXResourcesBuildPhase section */

/* Begin PBXSourcesBuildPhase section */
		8F399F722AF7EFF3005121E7 /* Sources */ = {
			isa = PBXSourcesBuildPhase;
			buildActionMask = 2147483647;
			files = (
				8F399F842AF7EFF3005121E7 /* ArtBookProject.xcdatamodeld in Sources */,
				8F399F7E2AF7EFF3005121E7 /* ViewController.swift in Sources */,
				8F399F7A2AF7EFF3005121E7 /* AppDelegate.swift in Sources */,
				8F399F7C2AF7EFF3005121E7 /* SceneDelegate.swift in Sources */,
				8F399FAD2AF7F4C2005121E7 /* DetailsVC.swift in Sources */,
			);
			runOnlyForDeploymentPostprocessing = 0;
		};
		8F399F8B2AF7EFF6005121E7 /* Sources */ = {
			isa = PBXSourcesBuildPhase;
			buildActionMask = 2147483647;
			files = (
				8F399F942AF7EFF6005121E7 /* ArtBookProjectTests.swift in Sources */,
			);
			runOnlyForDeploymentPostprocessing = 0;
		};
		8F399F952AF7EFF6005121E7 /* Sources */ = {
			isa = PBXSourcesBuildPhase;
			buildActionMask = 2147483647;
			files = (
				8F399F9E2AF7EFF6005121E7 /* ArtBookProjectUITests.swift in Sources */,
				8F399FA02AF7EFF6005121E7 /* ArtBookProjectUITestsLaunchTests.swift in Sources */,
			);
			runOnlyForDeploymentPostprocessing = 0;
		};
/* End PBXSourcesBuildPhase section */

/* Begin PBXTargetDependency section */
		8F399F912AF7EFF6005121E7 /* PBXTargetDependency */ = {
			isa = PBXTargetDependency;
			target = 8F399F752AF7EFF3005121E7 /* ArtBookProject */;
			targetProxy = 8F399F902AF7EFF6005121E7 /* PBXContainerItemProxy */;
		};
		8F399F9B2AF7EFF6005121E7 /* PBXTargetDependency */ = {
			isa = PBXTargetDependency;
			target = 8F399F752AF7EFF3005121E7 /* ArtBookProject */;
			targetProxy = 8F399F9A2AF7EFF6005121E7 /* PBXContainerItemProxy */;
		};
/* End PBXTargetDependency section */

/* Begin PBXVariantGroup section */
		8F399F7F2AF7EFF3005121E7 /* Main.storyboard */ = {
			isa = PBXVariantGroup;
			children = (
				8F399F802AF7EFF3005121E7 /* Base */,
			);
			name = Main.storyboard;
			sourceTree = "<group>";
		};
		8F399F872AF7EFF6005121E7 /* LaunchScreen.storyboard */ = {
			isa = PBXVariantGroup;
			children = (
				8F399F882AF7EFF6005121E7 /* Base */,
			);
			name = LaunchScreen.storyboard;
			sourceTree = "<group>";
		};
/* End PBXVariantGroup section */

/* Begin XCBuildConfiguration section */
		8F399FA12AF7EFF6005121E7 /* Debug */ = {
			isa = XCBuildConfiguration;
			buildSettings = {
				ALWAYS_SEARCH_USER_PATHS = NO;
				ASSETCATALOG_COMPILER_GENERATE_SWIFT_ASSET_SYMBOL_EXTENSIONS = YES;
				CLANG_ANALYZER_NONNULL = YES;
				CLANG_ANALYZER_NUMBER_OBJECT_CONVERSION = YES_AGGRESSIVE;
				CLANG_CXX_LANGUAGE_STANDARD = "gnu++20";
				CLANG_ENABLE_MODULES = YES;
				CLANG_ENABLE_OBJC_ARC = YES;
				CLANG_ENABLE_OBJC_WEAK = YES;
				CLANG_WARN_BLOCK_CAPTURE_AUTORELEASING = YES;
				CLANG_WARN_BOOL_CONVERSION = YES;
				CLANG_WARN_COMMA = YES;
				CLANG_WARN_CONSTANT_CONVERSION = YES;
				CLANG_WARN_DEPRECATED_OBJC_IMPLEMENTATIONS = YES;
				CLANG_WARN_DIRECT_OBJC_ISA_USAGE = YES_ERROR;
				CLANG_WARN_DOCUMENTATION_COMMENTS = YES;
				CLANG_WARN_EMPTY_BODY = YES;
				CLANG_WARN_ENUM_CONVERSION = YES;
				CLANG_WARN_INFINITE_RECURSION = YES;
				CLANG_WARN_INT_CONVERSION = YES;
				CLANG_WARN_NON_LITERAL_NULL_CONVERSION = YES;
				CLANG_WARN_OBJC_IMPLICIT_RETAIN_SELF = YES;
				CLANG_WARN_OBJC_LITERAL_CONVERSION = YES;
				CLANG_WARN_OBJC_ROOT_CLASS = YES_ERROR;
				CLANG_WARN_QUOTED_INCLUDE_IN_FRAMEWORK_HEADER = YES;
				CLANG_WARN_RANGE_LOOP_ANALYSIS = YES;
				CLANG_WARN_STRICT_PROTOTYPES = YES;
				CLANG_WARN_SUSPICIOUS_MOVE = YES;
				CLANG_WARN_UNGUARDED_AVAILABILITY = YES_AGGRESSIVE;
				CLANG_WARN_UNREACHABLE_CODE = YES;
				CLANG_WARN__DUPLICATE_METHOD_MATCH = YES;
				COPY_PHASE_STRIP = NO;
				DEBUG_INFORMATION_FORMAT = dwarf;
				ENABLE_STRICT_OBJC_MSGSEND = YES;
				ENABLE_TESTABILITY = YES;
				ENABLE_USER_SCRIPT_SANDBOXING = YES;
				GCC_C_LANGUAGE_STANDARD = gnu17;
				GCC_DYNAMIC_NO_PIC = NO;
				GCC_NO_COMMON_BLOCKS = YES;
				GCC_OPTIMIZATION_LEVEL = 0;
				GCC_PREPROCESSOR_DEFINITIONS = (
					"DEBUG=1",
					"$(inherited)",
				);
				GCC_WARN_64_TO_32_BIT_CONVERSION = YES;
				GCC_WARN_ABOUT_RETURN_TYPE = YES_ERROR;
				GCC_WARN_UNDECLARED_SELECTOR = YES;
				GCC_WARN_UNINITIALIZED_AUTOS = YES_AGGRESSIVE;
				GCC_WARN_UNUSED_FUNCTION = YES;
				GCC_WARN_UNUSED_VARIABLE = YES;
				IPHONEOS_DEPLOYMENT_TARGET = 17.0;
				LOCALIZATION_PREFERS_STRING_CATALOGS = YES;
				MTL_ENABLE_DEBUG_INFO = INCLUDE_SOURCE;
				MTL_FAST_MATH = YES;
				ONLY_ACTIVE_ARCH = YES;
				SDKROOT = iphoneos;
				SWIFT_ACTIVE_COMPILATION_CONDITIONS = "DEBUG $(inherited)";
				SWIFT_OPTIMIZATION_LEVEL = "-Onone";
			};
			name = Debug;
		};
		8F399FA22AF7EFF6005121E7 /* Release */ = {
			isa = XCBuildConfiguration;
			buildSettings = {
				ALWAYS_SEARCH_USER_PATHS = NO;
				ASSETCATALOG_COMPILER_GENERATE_SWIFT_ASSET_SYMBOL_EXTENSIONS = YES;
				CLANG_ANALYZER_NONNULL = YES;
				CLANG_ANALYZER_NUMBER_OBJECT_CONVERSION = YES_AGGRESSIVE;
				CLANG_CXX_LANGUAGE_STANDARD = "gnu++20";
				CLANG_ENABLE_MODULES = YES;
				CLANG_ENABLE_OBJC_ARC = YES;
				CLANG_ENABLE_OBJC_WEAK = YES;
				CLANG_WARN_BLOCK_CAPTURE_AUTORELEASING = YES;
				CLANG_WARN_BOOL_CONVERSION = YES;
				CLANG_WARN_COMMA = YES;
				CLANG_WARN_CONSTANT_CONVERSION = YES;
				CLANG_WARN_DEPRECATED_OBJC_IMPLEMENTATIONS = YES;
				CLANG_WARN_DIRECT_OBJC_ISA_USAGE = YES_ERROR;
				CLANG_WARN_DOCUMENTATION_COMMENTS = YES;
				CLANG_WARN_EMPTY_BODY = YES;
				CLANG_WARN_ENUM_CONVERSION = YES;
				CLANG_WARN_INFINITE_RECURSION = YES;
				CLANG_WARN_INT_CONVERSION = YES;
				CLANG_WARN_NON_LITERAL_NULL_CONVERSION = YES;
				CLANG_WARN_OBJC_IMPLICIT_RETAIN_SELF = YES;
				CLANG_WARN_OBJC_LITERAL_CONVERSION = YES;
				CLANG_WARN_OBJC_ROOT_CLASS = YES_ERROR;
				CLANG_WARN_QUOTED_INCLUDE_IN_FRAMEWORK_HEADER = YES;
				CLANG_WARN_RANGE_LOOP_ANALYSIS = YES;
				CLANG_WARN_STRICT_PROTOTYPES = YES;
				CLANG_WARN_SUSPICIOUS_MOVE = YES;
				CLANG_WARN_UNGUARDED_AVAILABILITY = YES_AGGRESSIVE;
				CLANG_WARN_UNREACHABLE_CODE = YES;
				CLANG_WARN__DUPLICATE_METHOD_MATCH = YES;
				COPY_PHASE_STRIP = NO;
				DEBUG_INFORMATION_FORMAT = "dwarf-with-dsym";
				ENABLE_NS_ASSERTIONS = NO;
				ENABLE_STRICT_OBJC_MSGSEND = YES;
				ENABLE_USER_SCRIPT_SANDBOXING = YES;
				GCC_C_LANGUAGE_STANDARD = gnu17;
				GCC_NO_COMMON_BLOCKS = YES;
				GCC_WARN_64_TO_32_BIT_CONVERSION = YES;
				GCC_WARN_ABOUT_RETURN_TYPE = YES_ERROR;
				GCC_WARN_UNDECLARED_SELECTOR = YES;
				GCC_WARN_UNINITIALIZED_AUTOS = YES_AGGRESSIVE;
				GCC_WARN_UNUSED_FUNCTION = YES;
				GCC_WARN_UNUSED_VARIABLE = YES;
				IPHONEOS_DEPLOYMENT_TARGET = 17.0;
				LOCALIZATION_PREFERS_STRING_CATALOGS = YES;
				MTL_ENABLE_DEBUG_INFO = NO;
				MTL_FAST_MATH = YES;
				SDKROOT = iphoneos;
				SWIFT_COMPILATION_MODE = wholemodule;
				VALIDATE_PRODUCT = YES;
			};
			name = Release;
		};
		8F399FA42AF7EFF6005121E7 /* Debug */ = {
			isa = XCBuildConfiguration;
			buildSettings = {
				ASSETCATALOG_COMPILER_APPICON_NAME = AppIcon;
				ASSETCATALOG_COMPILER_GLOBAL_ACCENT_COLOR_NAME = AccentColor;
				CODE_SIGN_STYLE = Automatic;
				CURRENT_PROJECT_VERSION = 1;
				DEVELOPMENT_TEAM = 5978Y7LAHF;
				GENERATE_INFOPLIST_FILE = YES;
				INFOPLIST_FILE = ArtBookProject/Info.plist;
				INFOPLIST_KEY_UIApplicationSupportsIndirectInputEvents = YES;
				INFOPLIST_KEY_UILaunchStoryboardName = LaunchScreen;
				INFOPLIST_KEY_UIMainStoryboardFile = Main;
				INFOPLIST_KEY_UISupportedInterfaceOrientations_iPad = "UIInterfaceOrientationPortrait UIInterfaceOrientationPortraitUpsideDown UIInterfaceOrientationLandscapeLeft UIInterfaceOrientationLandscapeRight";
				INFOPLIST_KEY_UISupportedInterfaceOrientations_iPhone = "UIInterfaceOrientationPortrait UIInterfaceOrientationLandscapeLeft UIInterfaceOrientationLandscapeRight";
				LD_RUNPATH_SEARCH_PATHS = (
					"$(inherited)",
					"@executable_path/Frameworks",
				);
				MARKETING_VERSION = 1.0;
				PRODUCT_BUNDLE_IDENTIFIER = ygtcans.ArtBookProject;
				PRODUCT_NAME = "$(TARGET_NAME)";
				SWIFT_EMIT_LOC_STRINGS = YES;
				SWIFT_VERSION = 5.0;
				TARGETED_DEVICE_FAMILY = "1,2";
			};
			name = Debug;
		};
		8F399FA52AF7EFF6005121E7 /* Release */ = {
			isa = XCBuildConfiguration;
			buildSettings = {
				ASSETCATALOG_COMPILER_APPICON_NAME = AppIcon;
				ASSETCATALOG_COMPILER_GLOBAL_ACCENT_COLOR_NAME = AccentColor;
				CODE_SIGN_STYLE = Automatic;
				CURRENT_PROJECT_VERSION = 1;
				DEVELOPMENT_TEAM = 5978Y7LAHF;
				GENERATE_INFOPLIST_FILE = YES;
				INFOPLIST_FILE = ArtBookProject/Info.plist;
				INFOPLIST_KEY_UIApplicationSupportsIndirectInputEvents = YES;
				INFOPLIST_KEY_UILaunchStoryboardName = LaunchScreen;
				INFOPLIST_KEY_UIMainStoryboardFile = Main;
				INFOPLIST_KEY_UISupportedInterfaceOrientations_iPad = "UIInterfaceOrientationPortrait UIInterfaceOrientationPortraitUpsideDown UIInterfaceOrientationLandscapeLeft UIInterfaceOrientationLandscapeRight";
				INFOPLIST_KEY_UISupportedInterfaceOrientations_iPhone = "UIInterfaceOrientationPortrait UIInterfaceOrientationLandscapeLeft UIInterfaceOrientationLandscapeRight";
				LD_RUNPATH_SEARCH_PATHS = (
					"$(inherited)",
					"@executable_path/Frameworks",
				);
				MARKETING_VERSION = 1.0;
				PRODUCT_BUNDLE_IDENTIFIER = ygtcans.ArtBookProject;
				PRODUCT_NAME = "$(TARGET_NAME)";
				SWIFT_EMIT_LOC_STRINGS = YES;
				SWIFT_VERSION = 5.0;
				TARGETED_DEVICE_FAMILY = "1,2";
			};
			name = Release;
		};
		8F399FA72AF7EFF6005121E7 /* Debug */ = {
			isa = XCBuildConfiguration;
			buildSettings = {
				ALWAYS_EMBED_SWIFT_STANDARD_LIBRARIES = YES;
				BUNDLE_LOADER = "$(TEST_HOST)";
				CODE_SIGN_STYLE = Automatic;
				CURRENT_PROJECT_VERSION = 1;
				DEVELOPMENT_TEAM = 5978Y7LAHF;
				GENERATE_INFOPLIST_FILE = YES;
				IPHONEOS_DEPLOYMENT_TARGET = 17.0;
				MARKETING_VERSION = 1.0;
				PRODUCT_BUNDLE_IDENTIFIER = ygtcans.ArtBookProjectTests;
				PRODUCT_NAME = "$(TARGET_NAME)";
				SWIFT_EMIT_LOC_STRINGS = NO;
				SWIFT_VERSION = 5.0;
				TARGETED_DEVICE_FAMILY = "1,2";
				TEST_HOST = "$(BUILT_PRODUCTS_DIR)/ArtBookProject.app/$(BUNDLE_EXECUTABLE_FOLDER_PATH)/ArtBookProject";
			};
			name = Debug;
		};
		8F399FA82AF7EFF6005121E7 /* Release */ = {
			isa = XCBuildConfiguration;
			buildSettings = {
				ALWAYS_EMBED_SWIFT_STANDARD_LIBRARIES = YES;
				BUNDLE_LOADER = "$(TEST_HOST)";
				CODE_SIGN_STYLE = Automatic;
				CURRENT_PROJECT_VERSION = 1;
				DEVELOPMENT_TEAM = 5978Y7LAHF;
				GENERATE_INFOPLIST_FILE = YES;
				IPHONEOS_DEPLOYMENT_TARGET = 17.0;
				MARKETING_VERSION = 1.0;
				PRODUCT_BUNDLE_IDENTIFIER = ygtcans.ArtBookProjectTests;
				PRODUCT_NAME = "$(TARGET_NAME)";
				SWIFT_EMIT_LOC_STRINGS = NO;
				SWIFT_VERSION = 5.0;
				TARGETED_DEVICE_FAMILY = "1,2";
				TEST_HOST = "$(BUILT_PRODUCTS_DIR)/ArtBookProject.app/$(BUNDLE_EXECUTABLE_FOLDER_PATH)/ArtBookProject";
			};
			name = Release;
		};
		8F399FAA2AF7EFF6005121E7 /* Debug */ = {
			isa = XCBuildConfiguration;
			buildSettings = {
				ALWAYS_EMBED_SWIFT_STANDARD_LIBRARIES = YES;
				CODE_SIGN_STYLE = Automatic;
				CURRENT_PROJECT_VERSION = 1;
				DEVELOPMENT_TEAM = 5978Y7LAHF;
				GENERATE_INFOPLIST_FILE = YES;
				MARKETING_VERSION = 1.0;
				PRODUCT_BUNDLE_IDENTIFIER = ygtcans.ArtBookProjectUITests;
				PRODUCT_NAME = "$(TARGET_NAME)";
				SWIFT_EMIT_LOC_STRINGS = NO;
				SWIFT_VERSION = 5.0;
				TARGETED_DEVICE_FAMILY = "1,2";
				TEST_TARGET_NAME = ArtBookProject;
			};
			name = Debug;
		};
		8F399FAB2AF7EFF6005121E7 /* Release */ = {
			isa = XCBuildConfiguration;
			buildSettings = {
				ALWAYS_EMBED_SWIFT_STANDARD_LIBRARIES = YES;
				CODE_SIGN_STYLE = Automatic;
				CURRENT_PROJECT_VERSION = 1;
				DEVELOPMENT_TEAM = 5978Y7LAHF;
				GENERATE_INFOPLIST_FILE = YES;
				MARKETING_VERSION = 1.0;
				PRODUCT_BUNDLE_IDENTIFIER = ygtcans.ArtBookProjectUITests;
				PRODUCT_NAME = "$(TARGET_NAME)";
				SWIFT_EMIT_LOC_STRINGS = NO;
				SWIFT_VERSION = 5.0;
				TARGETED_DEVICE_FAMILY = "1,2";
				TEST_TARGET_NAME = ArtBookProject;
			};
			name = Release;
		};
/* End XCBuildConfiguration section */

/* Begin XCConfigurationList section */
		8F399F712AF7EFF3005121E7 /* Build configuration list for PBXProject "ArtBookProject" */ = {
			isa = XCConfigurationList;
			buildConfigurations = (
				8F399FA12AF7EFF6005121E7 /* Debug */,
				8F399FA22AF7EFF6005121E7 /* Release */,
			);
			defaultConfigurationIsVisible = 0;
			defaultConfigurationName = Release;
		};
		8F399FA32AF7EFF6005121E7 /* Build configuration list for PBXNativeTarget "ArtBookProject" */ = {
			isa = XCConfigurationList;
			buildConfigurations = (
				8F399FA42AF7EFF6005121E7 /* Debug */,
				8F399FA52AF7EFF6005121E7 /* Release */,
			);
			defaultConfigurationIsVisible = 0;
			defaultConfigurationName = Release;
		};
		8F399FA62AF7EFF6005121E7 /* Build configuration list for PBXNativeTarget "ArtBookProjectTests" */ = {
			isa = XCConfigurationList;
			buildConfigurations = (
				8F399FA72AF7EFF6005121E7 /* Debug */,
				8F399FA82AF7EFF6005121E7 /* Release */,
			);
			defaultConfigurationIsVisible = 0;
			defaultConfigurationName = Release;
		};
		8F399FA92AF7EFF6005121E7 /* Build configuration list for PBXNativeTarget "ArtBookProjectUITests" */ = {
			isa = XCConfigurationList;
			buildConfigurations = (
				8F399FAA2AF7EFF6005121E7 /* Debug */,
				8F399FAB2AF7EFF6005121E7 /* Release */,
			);
			defaultConfigurationIsVisible = 0;
			defaultConfigurationName = Release;
		};
/* End XCConfigurationList section */

/* Begin XCVersionGroup section */
		8F399F822AF7EFF3005121E7 /* ArtBookProject.xcdatamodeld */ = {
			isa = XCVersionGroup;
			children = (
				8F399F832AF7EFF3005121E7 /* ArtBookProject.xcdatamodel */,
			);
			currentVersion = 8F399F832AF7EFF3005121E7 /* ArtBookProject.xcdatamodel */;
			path = ArtBookProject.xcdatamodeld;
			sourceTree = "<group>";
			versionGroupType = wrapper.xcdatamodel;
		};
/* End XCVersionGroup section */
	};
	rootObject = 8F399F6E2AF7EFF3005121E7 /* Project object */;
}
